
Microsoft Visual Studio Solution File, Format Version 12.00
# Visual Studio Version 16
VisualStudioVersion = 16.0.33027.164
MinimumVisualStudioVersion = 10.0.40219.1
Project("{9A19103F-16F7-4668-BE54-9A1E7A4F7556}") = "CarRentalManagement.Server", "CarRentalManagement\Server\CarRentalManagement.Server.csproj", "{20F2F1BA-C2A3-4445-B802-04AB9533ED9E}"
EndProject
Project("{9A19103F-16F7-4668-BE54-9A1E7A4F7556}") = "CarRentalManagement.Client", "CarRentalManagement\Client\CarRentalManagement.Client.csproj", "{340BF56B-FF92-489B-ACBA-180E262750A9}"
EndProject
Project("{9A19103F-16F7-4668-BE54-9A1E7A4F7556}") = "CarRentalManagement.Shared", "CarRentalManagement\Shared\CarRentalManagement.Shared.csproj", "{2DCC8F75-DC14-42BF-AF82-9554AC5D6E08}"
EndProject
Global
	GlobalSection(SolutionConfigurationPlatforms) = preSolution
		Debug|Any CPU = Debug|Any CPU
		Release|Any CPU = Release|Any CPU
	EndGlobalSection
	GlobalSection(ProjectConfigurationPlatforms) = postSolution
		{20F2F1BA-C2A3-4445-B802-04AB9533ED9E}.Debug|Any CPU.ActiveCfg = Debug|Any CPU
		{20F2F1BA-C2A3-4445-B802-04AB9533ED9E}.Debug|Any CPU.Build.0 = Debug|Any CPU
		{20F2F1BA-C2A3-4445-B802-04AB9533ED9E}.Release|Any CPU.ActiveCfg = Release|Any CPU
		{20F2F1BA-C2A3-4445-B802-04AB9533ED9E}.Release|Any CPU.Build.0 = Release|Any CPU
		{340BF56B-FF92-489B-ACBA-180E262750A9}.Debug|Any CPU.ActiveCfg = Debug|Any CPU
		{340BF56B-FF92-489B-ACBA-180E262750A9}.Debug|Any CPU.Build.0 = Debug|Any CPU
		{340BF56B-FF92-489B-ACBA-180E262750A9}.Release|Any CPU.ActiveCfg = Release|Any CPU
		{340BF56B-FF92-489B-ACBA-180E262750A9}.Release|Any CPU.Build.0 = Release|Any CPU
		{2DCC8F75-DC14-42BF-AF82-9554AC5D6E08}.Debug|Any CPU.ActiveCfg = Debug|Any CPU
		{2DCC8F75-DC14-42BF-AF82-9554AC5D6E08}.Debug|Any CPU.Build.0 = Debug|Any CPU
		{2DCC8F75-DC14-42BF-AF82-9554AC5D6E08}.Release|Any CPU.ActiveCfg = Release|Any CPU
		{2DCC8F75-DC14-42BF-AF82-9554AC5D6E08}.Release|Any CPU.Build.0 = Release|Any CPU
	EndGlobalSection
	GlobalSection(SolutionProperties) = preSolution
		HideSolutionNode = FALSE
	EndGlobalSection
	GlobalSection(ExtensibilityGlobals) = postSolution
		SolutionGuid = {0831FAA0-54AB-4230-956A-A7F71D2FFF35}
	EndGlobalSection
EndGlobal
